
Microsoft Visual Studio Solution File, Format Version 12.00
# Visual Studio Version 17
VisualStudioVersion = 17.7.34031.279
MinimumVisualStudioVersion = 10.0.40219.1
Project("{FAE04EC0-301F-11D3-BF4B-00C04F79EFBC}") = "Technical.API", "Technical.API\Technical.API.csproj", "{F403D0DF-300C-4E4C-9114-4BB313F79B6C}"
EndProject
Global
	GlobalSection(SolutionConfigurationPlatforms) = preSolution
		Debug|Any CPU = Debug|Any CPU
		Release|Any CPU = Release|Any CPU
	EndGlobalSection
	GlobalSection(ProjectConfigurationPlatforms) = postSolution
		{F403D0DF-300C-4E4C-9114-4BB313F79B6C}.Debug|Any CPU.ActiveCfg = Debug|Any CPU
		{F403D0DF-300C-4E4C-9114-4BB313F79B6C}.Debug|Any CPU.Build.0 = Debug|Any CPU
		{F403D0DF-300C-4E4C-9114-4BB313F79B6C}.Release|Any CPU.ActiveCfg = Release|Any CPU
		{F403D0DF-300C-4E4C-9114-4BB313F79B6C}.Release|Any CPU.Build.0 = Release|Any CPU
	EndGlobalSection
	GlobalSection(SolutionProperties) = preSolution
		HideSolutionNode = FALSE
	EndGlobalSection
	GlobalSection(ExtensibilityGlobals) = postSolution
		SolutionGuid = {4C1C57DE-30E2-411D-9908-877B84FF83A9}
	EndGlobalSection
EndGlobal
